
Microsoft Visual Studio Solution File, Format Version 12.00
# Visual Studio Version 16
VisualStudioVersion = 16.0.28803.202
MinimumVisualStudioVersion = 10.0.40219.1
Project("{9A19103F-16F7-4668-BE54-9A1E7A4F7556}") = "SportManagement", "SportManagment\SportManagement.csproj", "{5C9F6D2D-A1E3-4516-B8B6-3FC1DBB028B0}"
EndProject
Global
	GlobalSection(SolutionConfigurationPlatforms) = preSolution
		Debug|Any CPU = Debug|Any CPU
		Release|Any CPU = Release|Any CPU
	EndGlobalSection
	GlobalSection(ProjectConfigurationPlatforms) = postSolution
		{5C9F6D2D-A1E3-4516-B8B6-3FC1DBB028B0}.Debug|Any CPU.ActiveCfg = Debug|Any CPU
		{5C9F6D2D-A1E3-4516-B8B6-3FC1DBB028B0}.Debug|Any CPU.Build.0 = Debug|Any CPU
		{5C9F6D2D-A1E3-4516-B8B6-3FC1DBB028B0}.Release|Any CPU.ActiveCfg = Release|Any CPU
		{5C9F6D2D-A1E3-4516-B8B6-3FC1DBB028B0}.Release|Any CPU.Build.0 = Release|Any CPU
	EndGlobalSection
	GlobalSection(SolutionProperties) = preSolution
		HideSolutionNode = FALSE
	EndGlobalSection
	GlobalSection(ExtensibilityGlobals) = postSolution
		SolutionGuid = {A0BAB8A0-BD55-48C5-9C11-7962868FA142}
	EndGlobalSection
EndGlobal
